// !$*UTF8*$!
{
	archiveVersion = 1;
	classes = {
	};
	objectVersion = 46;
	objects = {

/* Begin PBXBuildFile section */
		212815C01F55DFD000BDB639 /* main.m in Sources */ = {isa = PBXBuildFile; fileRef = 212815BF1F55DFD000BDB639 /* main.m */; };
		212815C31F55DFD000BDB639 /* AppDelegate.m in Sources */ = {isa = PBXBuildFile; fileRef = 212815C21F55DFD000BDB639 /* AppDelegate.m */; };
		212815CC1F55DFD000BDB639 /* Main.storyboard in Resources */ = {isa = PBXBuildFile; fileRef = 212815CA1F55DFD000BDB639 /* Main.storyboard */; };
		212815CE1F55DFD000BDB639 /* Assets.xcassets in Resources */ = {isa = PBXBuildFile; fileRef = 212815CD1F55DFD000BDB639 /* Assets.xcassets */; };
		212815D11F55DFD000BDB639 /* LaunchScreen.storyboard in Resources */ = {isa = PBXBuildFile; fileRef = 212815CF1F55DFD000BDB639 /* LaunchScreen.storyboard */; };
		212815F61F55E3FC00BDB639 /* InfoPlist.strings in Resources */ = {isa = PBXBuildFile; fileRef = 212815F81F55E3FC00BDB639 /* InfoPlist.strings */; };
		212816051F55E53300BDB639 /* DictionaryController.m in Sources */ = {isa = PBXBuildFile; fileRef = 212816041F55E53300BDB639 /* DictionaryController.m */; };
		212816081F55E55C00BDB639 /* FavoriteController.m in Sources */ = {isa = PBXBuildFile; fileRef = 212816071F55E55C00BDB639 /* FavoriteController.m */; };
		2164F6D01F586441002AA4F1 /* ResultViewController.m in Sources */ = {isa = PBXBuildFile; fileRef = 2164F6CF1F586441002AA4F1 /* ResultViewController.m */; };
		2177934E1F5865E20066D3C0 /* SettingViewController.m in Sources */ = {isa = PBXBuildFile; fileRef = 2177934D1F5865E20066D3C0 /* SettingViewController.m */; };
		21BB2BA11F5810D1006ADF84 /* Localizable.strings in Resources */ = {isa = PBXBuildFile; fileRef = 21BB2BA31F5810D1006ADF84 /* Localizable.strings */; };
		21BB2BAA1F582F8F006ADF84 /* TextInputController.m in Sources */ = {isa = PBXBuildFile; fileRef = 21BB2BA91F582F8F006ADF84 /* TextInputController.m */; };
		5DBE616D4FA75CA839F76EFF /* Pods_mcpdict.framework in Frameworks */ = {isa = PBXBuildFile; fileRef = C7D3392BE990A8C7E7D4FBD5 /* Pods_mcpdict.framework */; };
/* End PBXBuildFile section */

/* Begin PBXFileReference section */
		212815BB1F55DFD000BDB639 /* mcpdict.app */ = {isa = PBXFileReference; explicitFileType = wrapper.application; includeInIndex = 0; path = mcpdict.app; sourceTree = BUILT_PRODUCTS_DIR; };
		212815BF1F55DFD000BDB639 /* main.m */ = {isa = PBXFileReference; lastKnownFileType = sourcecode.c.objc; path = main.m; sourceTree = "<group>"; };
		212815C11F55DFD000BDB639 /* AppDelegate.h */ = {isa = PBXFileReference; lastKnownFileType = sourcecode.c.h; path = AppDelegate.h; sourceTree = "<group>"; };
		212815C21F55DFD000BDB639 /* AppDelegate.m */ = {isa = PBXFileReference; lastKnownFileType = sourcecode.c.objc; path = AppDelegate.m; sourceTree = "<group>"; };
		212815CB1F55DFD000BDB639 /* Base */ = {isa = PBXFileReference; lastKnownFileType = file.storyboard; name = Base; path = Base.lproj/Main.storyboard; sourceTree = "<group>"; };
		212815CD1F55DFD000BDB639 /* Assets.xcassets */ = {isa = PBXFileReference; lastKnownFileType = folder.assetcatalog; path = Assets.xcassets; sourceTree = "<group>"; };
		212815D01F55DFD000BDB639 /* Base */ = {isa = PBXFileReference; lastKnownFileType = file.storyboard; name = Base; path = Base.lproj/LaunchScreen.storyboard; sourceTree = "<group>"; };
		212815D81F55E15100BDB639 /* zh-Hans */ = {isa = PBXFileReference; lastKnownFileType = text.plist.strings; name = "zh-Hans"; path = "zh-Hans.lproj/Main.strings"; sourceTree = "<group>"; };
		212815D91F55E15100BDB639 /* zh-Hans */ = {isa = PBXFileReference; lastKnownFileType = text.plist.strings; name = "zh-Hans"; path = "zh-Hans.lproj/LaunchScreen.strings"; sourceTree = "<group>"; };
		212815DA1F55E15600BDB639 /* zh-Hant */ = {isa = PBXFileReference; lastKnownFileType = text.plist.strings; name = "zh-Hant"; path = "zh-Hant.lproj/Main.strings"; sourceTree = "<group>"; };
		212815DB1F55E15600BDB639 /* zh-Hant */ = {isa = PBXFileReference; lastKnownFileType = text.plist.strings; name = "zh-Hant"; path = "zh-Hant.lproj/LaunchScreen.strings"; sourceTree = "<group>"; };
		212815DC1F55E15B00BDB639 /* ko */ = {isa = PBXFileReference; lastKnownFileType = text.plist.strings; name = ko; path = ko.lproj/Main.strings; sourceTree = "<group>"; };
		212815DD1F55E15B00BDB639 /* ko */ = {isa = PBXFileReference; lastKnownFileType = text.plist.strings; name = ko; path = ko.lproj/LaunchScreen.strings; sourceTree = "<group>"; };
		212815DE1F55E16200BDB639 /* ja */ = {isa = PBXFileReference; lastKnownFileType = text.plist.strings; name = ja; path = ja.lproj/Main.strings; sourceTree = "<group>"; };
		212815DF1F55E16200BDB639 /* ja */ = {isa = PBXFileReference; lastKnownFileType = text.plist.strings; name = ja; path = ja.lproj/LaunchScreen.strings; sourceTree = "<group>"; };
		212815F21F55E38400BDB639 /* Info.plist */ = {isa = PBXFileReference; fileEncoding = 4; lastKnownFileType = text.plist.xml; path = Info.plist; sourceTree = "<group>"; };
		212815F71F55E3FC00BDB639 /* en */ = {isa = PBXFileReference; lastKnownFileType = text.plist.strings; name = en; path = en.lproj/InfoPlist.strings; sourceTree = "<group>"; };
		212815F91F55E41500BDB639 /* zh-Hans */ = {isa = PBXFileReference; lastKnownFileType = text.plist.strings; name = "zh-Hans"; path = "zh-Hans.lproj/InfoPlist.strings"; sourceTree = "<group>"; };
		212815FA1F55E41600BDB639 /* zh-Hant */ = {isa = PBXFileReference; lastKnownFileType = text.plist.strings; name = "zh-Hant"; path = "zh-Hant.lproj/InfoPlist.strings"; sourceTree = "<group>"; };
		212815FB1F55E41700BDB639 /* ko */ = {isa = PBXFileReference; lastKnownFileType = text.plist.strings; name = ko; path = ko.lproj/InfoPlist.strings; sourceTree = "<group>"; };
		212815FC1F55E41800BDB639 /* ja */ = {isa = PBXFileReference; lastKnownFileType = text.plist.strings; name = ja; path = ja.lproj/InfoPlist.strings; sourceTree = "<group>"; };
		212816031F55E53300BDB639 /* DictionaryController.h */ = {isa = PBXFileReference; fileEncoding = 4; lastKnownFileType = sourcecode.c.h; name = DictionaryController.h; path = Controller/DictionaryController.h; sourceTree = "<group>"; };
		212816041F55E53300BDB639 /* DictionaryController.m */ = {isa = PBXFileReference; fileEncoding = 4; lastKnownFileType = sourcecode.c.objc; name = DictionaryController.m; path = Controller/DictionaryController.m; sourceTree = "<group>"; };
		212816061F55E55C00BDB639 /* FavoriteController.h */ = {isa = PBXFileReference; fileEncoding = 4; lastKnownFileType = sourcecode.c.h; name = FavoriteController.h; path = Controller/FavoriteController.h; sourceTree = "<group>"; };
		212816071F55E55C00BDB639 /* FavoriteController.m */ = {isa = PBXFileReference; fileEncoding = 4; lastKnownFileType = sourcecode.c.objc; name = FavoriteController.m; path = Controller/FavoriteController.m; sourceTree = "<group>"; };
		2128160A1F55E71000BDB639 /* en */ = {isa = PBXFileReference; lastKnownFileType = text.plist.strings; name = en; path = en.lproj/Main.strings; sourceTree = "<group>"; };
		2164F6CE1F586441002AA4F1 /* ResultViewController.h */ = {isa = PBXFileReference; lastKnownFileType = sourcecode.c.h; name = ResultViewController.h; path = Controller/ResultViewController.h; sourceTree = "<group>"; };
		2164F6CF1F586441002AA4F1 /* ResultViewController.m */ = {isa = PBXFileReference; lastKnownFileType = sourcecode.c.objc; name = ResultViewController.m; path = Controller/ResultViewController.m; sourceTree = "<group>"; };
		2177934C1F5865E20066D3C0 /* SettingViewController.h */ = {isa = PBXFileReference; lastKnownFileType = sourcecode.c.h; name = SettingViewController.h; path = Controller/SettingViewController.h; sourceTree = "<group>"; };
		2177934D1F5865E20066D3C0 /* SettingViewController.m */ = {isa = PBXFileReference; lastKnownFileType = sourcecode.c.objc; name = SettingViewController.m; path = Controller/SettingViewController.m; sourceTree = "<group>"; };
		21BB2BA21F5810D1006ADF84 /* en */ = {isa = PBXFileReference; lastKnownFileType = text.plist.strings; name = en; path = en.lproj/Localizable.strings; sourceTree = "<group>"; };
		21BB2BA41F5810D6006ADF84 /* zh-Hant */ = {isa = PBXFileReference; lastKnownFileType = text.plist.strings; name = "zh-Hant"; path = "zh-Hant.lproj/Localizable.strings"; sourceTree = "<group>"; };
		21BB2BA51F5810D6006ADF84 /* ko */ = {isa = PBXFileReference; lastKnownFileType = text.plist.strings; name = ko; path = ko.lproj/Localizable.strings; sourceTree = "<group>"; };
		21BB2BA61F5810D7006ADF84 /* ja */ = {isa = PBXFileReference; lastKnownFileType = text.plist.strings; name = ja; path = ja.lproj/Localizable.strings; sourceTree = "<group>"; };
		21BB2BA71F5810D8006ADF84 /* zh-Hans */ = {isa = PBXFileReference; lastKnownFileType = text.plist.strings; name = "zh-Hans"; path = "zh-Hans.lproj/Localizable.strings"; sourceTree = "<group>"; };
		21BB2BA81F582F8F006ADF84 /* TextInputController.h */ = {isa = PBXFileReference; lastKnownFileType = sourcecode.c.h; name = TextInputController.h; path = Controller/TextInputController.h; sourceTree = "<group>"; };
		21BB2BA91F582F8F006ADF84 /* TextInputController.m */ = {isa = PBXFileReference; lastKnownFileType = sourcecode.c.objc; name = TextInputController.m; path = Controller/TextInputController.m; sourceTree = "<group>"; };
		21F9598D1F57ED5300F3B099 /* mcpdict.db */ = {isa = PBXFileReference; lastKnownFileType = file; path = mcpdict.db; sourceTree = SOURCE_ROOT; };
		21F9598E1F57F37800F3B099 /* UmiHeader.h */ = {isa = PBXFileReference; lastKnownFileType = sourcecode.c.h; name = UmiHeader.h; path = Model/UmiHeader.h; sourceTree = "<group>"; };
		93B67FAB4F55E4247959444F /* Pods-mcpdict.release.xcconfig */ = {isa = PBXFileReference; includeInIndex = 1; lastKnownFileType = text.xcconfig; name = "Pods-mcpdict.release.xcconfig"; path = "Pods/Target Support Files/Pods-mcpdict/Pods-mcpdict.release.xcconfig"; sourceTree = "<group>"; };
		B8D01BDE9DE1006827752348 /* Pods-mcpdict.debug.xcconfig */ = {isa = PBXFileReference; includeInIndex = 1; lastKnownFileType = text.xcconfig; name = "Pods-mcpdict.debug.xcconfig"; path = "Pods/Target Support Files/Pods-mcpdict/Pods-mcpdict.debug.xcconfig"; sourceTree = "<group>"; };
		C7D3392BE990A8C7E7D4FBD5 /* Pods_mcpdict.framework */ = {isa = PBXFileReference; explicitFileType = wrapper.framework; includeInIndex = 0; path = Pods_mcpdict.framework; sourceTree = BUILT_PRODUCTS_DIR; };
/* End PBXFileReference section */

/* Begin PBXFrameworksBuildPhase section */
		212815B81F55DFD000BDB639 /* Frameworks */ = {
			isa = PBXFrameworksBuildPhase;
			buildActionMask = 2147483647;
			files = (
				5DBE616D4FA75CA839F76EFF /* Pods_mcpdict.framework in Frameworks */,
			);
			runOnlyForDeploymentPostprocessing = 0;
		};
/* End PBXFrameworksBuildPhase section */

/* Begin PBXGroup section */
		212815B21F55DFD000BDB639 = {
			isa = PBXGroup;
			children = (
				212815BD1F55DFD000BDB639 /* mcpdict */,
				212815BC1F55DFD000BDB639 /* Products */,
				FE13D722DD7CA2068DECEBC0 /* Pods */,
				4655898CED1E1C1A946E364C /* Frameworks */,
			);
			sourceTree = "<group>";
		};
		212815BC1F55DFD000BDB639 /* Products */ = {
			isa = PBXGroup;
			children = (
				212815BB1F55DFD000BDB639 /* mcpdict.app */,
			);
			name = Products;
			sourceTree = "<group>";
		};
		212815BD1F55DFD000BDB639 /* mcpdict */ = {
			isa = PBXGroup;
			children = (
				212816021F55E4EA00BDB639 /* Controller */,
				212816011F55E4E700BDB639 /* View */,
				212816001F55E4E400BDB639 /* Model */,
				212815C11F55DFD000BDB639 /* AppDelegate.h */,
				212815C21F55DFD000BDB639 /* AppDelegate.m */,
				212815CA1F55DFD000BDB639 /* Main.storyboard */,
				212815CD1F55DFD000BDB639 /* Assets.xcassets */,
				212815CF1F55DFD000BDB639 /* LaunchScreen.storyboard */,
				212815BE1F55DFD000BDB639 /* Supporting Files */,
			);
			path = mcpdict;
			sourceTree = "<group>";
		};
		212815BE1F55DFD000BDB639 /* Supporting Files */ = {
			isa = PBXGroup;
			children = (
				21BB2BA31F5810D1006ADF84 /* Localizable.strings */,
				21F9598D1F57ED5300F3B099 /* mcpdict.db */,
				212815F21F55E38400BDB639 /* Info.plist */,
				212815F81F55E3FC00BDB639 /* InfoPlist.strings */,
				212815BF1F55DFD000BDB639 /* main.m */,
			);
			name = "Supporting Files";
			sourceTree = "<group>";
		};
		212816001F55E4E400BDB639 /* Model */ = {
			isa = PBXGroup;
			children = (
				21F9598E1F57F37800F3B099 /* UmiHeader.h */,
			);
			name = Model;
			sourceTree = "<group>";
		};
		212816011F55E4E700BDB639 /* View */ = {
			isa = PBXGroup;
			children = (
			);
			name = View;
			sourceTree = "<group>";
		};
		212816021F55E4EA00BDB639 /* Controller */ = {
			isa = PBXGroup;
			children = (
				2177934C1F5865E20066D3C0 /* SettingViewController.h */,
				2177934D1F5865E20066D3C0 /* SettingViewController.m */,
				2164F6CE1F586441002AA4F1 /* ResultViewController.h */,
				2164F6CF1F586441002AA4F1 /* ResultViewController.m */,
				212816031F55E53300BDB639 /* DictionaryController.h */,
				212816041F55E53300BDB639 /* DictionaryController.m */,
				21BB2BA81F582F8F006ADF84 /* TextInputController.h */,
				21BB2BA91F582F8F006ADF84 /* TextInputController.m */,
				212816061F55E55C00BDB639 /* FavoriteController.h */,
				212816071F55E55C00BDB639 /* FavoriteController.m */,
			);
			name = Controller;
			sourceTree = "<group>";
		};
		4655898CED1E1C1A946E364C /* Frameworks */ = {
			isa = PBXGroup;
			children = (
				C7D3392BE990A8C7E7D4FBD5 /* Pods_mcpdict.framework */,
			);
			name = Frameworks;
			sourceTree = "<group>";
		};
		FE13D722DD7CA2068DECEBC0 /* Pods */ = {
			isa = PBXGroup;
			children = (
				B8D01BDE9DE1006827752348 /* Pods-mcpdict.debug.xcconfig */,
				93B67FAB4F55E4247959444F /* Pods-mcpdict.release.xcconfig */,
			);
			name = Pods;
			sourceTree = "<group>";
		};
/* End PBXGroup section */

/* Begin PBXNativeTarget section */
		212815BA1F55DFD000BDB639 /* mcpdict */ = {
			isa = PBXNativeTarget;
			buildConfigurationList = 212815D51F55DFD000BDB639 /* Build configuration list for PBXNativeTarget "mcpdict" */;
			buildPhases = (
				1A9F78F96E97C31F88E59B45 /* [CP] Check Pods Manifest.lock */,
				212815B71F55DFD000BDB639 /* Sources */,
				212815B81F55DFD000BDB639 /* Frameworks */,
				212815B91F55DFD000BDB639 /* Resources */,
				FFD9B67DB4B82419D9742DB5 /* [CP] Embed Pods Frameworks */,
				2725F2589F38502922B09E0E /* [CP] Copy Pods Resources */,
			);
			buildRules = (
			);
			dependencies = (
			);
			name = mcpdict;
			productName = mcpdict;
			productReference = 212815BB1F55DFD000BDB639 /* mcpdict.app */;
			productType = "com.apple.product-type.application";
		};
/* End PBXNativeTarget section */

/* Begin PBXProject section */
		212815B31F55DFD000BDB639 /* Project object */ = {
			isa = PBXProject;
			attributes = {
				LastUpgradeCheck = 0900;
				ORGANIZATIONNAME = com.umi.mcpdict;
				TargetAttributes = {
					212815BA1F55DFD000BDB639 = {
						CreatedOnToolsVersion = 8.3.3;
						DevelopmentTeam = NPQ6SQE7Y9;
						ProvisioningStyle = Automatic;
					};
				};
			};
			buildConfigurationList = 212815B61F55DFD000BDB639 /* Build configuration list for PBXProject "mcpdict" */;
			compatibilityVersion = "Xcode 3.2";
			developmentRegion = English;
			hasScannedForEncodings = 0;
			knownRegions = (
				en,
				Base,
				"zh-Hant",
				ko,
				ja,
				"zh-Hans",
			);
			mainGroup = 212815B21F55DFD000BDB639;
			productRefGroup = 212815BC1F55DFD000BDB639 /* Products */;
			projectDirPath = "";
			projectRoot = "";
			targets = (
				212815BA1F55DFD000BDB639 /* mcpdict */,
			);
		};
/* End PBXProject section */

/* Begin PBXResourcesBuildPhase section */
		212815B91F55DFD000BDB639 /* Resources */ = {
			isa = PBXResourcesBuildPhase;
			buildActionMask = 2147483647;
			files = (
				21BB2BA11F5810D1006ADF84 /* Localizable.strings in Resources */,
				212815D11F55DFD000BDB639 /* LaunchScreen.storyboard in Resources */,
				212815F61F55E3FC00BDB639 /* InfoPlist.strings in Resources */,
				212815CE1F55DFD000BDB639 /* Assets.xcassets in Resources */,
				212815CC1F55DFD000BDB639 /* Main.storyboard in Resources */,
			);
			runOnlyForDeploymentPostprocessing = 0;
		};
/* End PBXResourcesBuildPhase section */

/* Begin PBXShellScriptBuildPhase section */
		1A9F78F96E97C31F88E59B45 /* [CP] Check Pods Manifest.lock */ = {
			isa = PBXShellScriptBuildPhase;
			buildActionMask = 2147483647;
			files = (
			);
			inputPaths = (
			);
			name = "[CP] Check Pods Manifest.lock";
			outputPaths = (
			);
			runOnlyForDeploymentPostprocessing = 0;
			shellPath = /bin/sh;
			shellScript = "diff \"${PODS_ROOT}/../Podfile.lock\" \"${PODS_ROOT}/Manifest.lock\" > /dev/null\nif [ $? != 0 ] ; then\n    # print error to STDERR\n    echo \"error: The sandbox is not in sync with the Podfile.lock. Run 'pod install' or update your CocoaPods installation.\" >&2\n    exit 1\nfi\n";
			showEnvVarsInLog = 0;
		};
		2725F2589F38502922B09E0E /* [CP] Copy Pods Resources */ = {
			isa = PBXShellScriptBuildPhase;
			buildActionMask = 2147483647;
			files = (
			);
			inputPaths = (
			);
			name = "[CP] Copy Pods Resources";
			outputPaths = (
			);
			runOnlyForDeploymentPostprocessing = 0;
			shellPath = /bin/sh;
			shellScript = "\"${SRCROOT}/Pods/Target Support Files/Pods-mcpdict/Pods-mcpdict-resources.sh\"\n";
			showEnvVarsInLog = 0;
		};
		FFD9B67DB4B82419D9742DB5 /* [CP] Embed Pods Frameworks */ = {
			isa = PBXShellScriptBuildPhase;
			buildActionMask = 2147483647;
			files = (
			);
			inputPaths = (
			);
			name = "[CP] Embed Pods Frameworks";
			outputPaths = (
			);
			runOnlyForDeploymentPostprocessing = 0;
			shellPath = /bin/sh;
			shellScript = "\"${SRCROOT}/Pods/Target Support Files/Pods-mcpdict/Pods-mcpdict-frameworks.sh\"\n";
			showEnvVarsInLog = 0;
		};
/* End PBXShellScriptBuildPhase section */

/* Begin PBXSourcesBuildPhase section */
		212815B71F55DFD000BDB639 /* Sources */ = {
			isa = PBXSourcesBuildPhase;
			buildActionMask = 2147483647;
			files = (
				212815C31F55DFD000BDB639 /* AppDelegate.m in Sources */,
				212815C01F55DFD000BDB639 /* main.m in Sources */,
				21BB2BAA1F582F8F006ADF84 /* TextInputController.m in Sources */,
				2177934E1F5865E20066D3C0 /* SettingViewController.m in Sources */,
				212816051F55E53300BDB639 /* DictionaryController.m in Sources */,
				212816081F55E55C00BDB639 /* FavoriteController.m in Sources */,
				2164F6D01F586441002AA4F1 /* ResultViewController.m in Sources */,
			);
			runOnlyForDeploymentPostprocessing = 0;
		};
/* End PBXSourcesBuildPhase section */

/* Begin PBXVariantGroup section */
		212815CA1F55DFD000BDB639 /* Main.storyboard */ = {
			isa = PBXVariantGroup;
			children = (
				212815CB1F55DFD000BDB639 /* Base */,
				212815D81F55E15100BDB639 /* zh-Hans */,
				212815DA1F55E15600BDB639 /* zh-Hant */,
				212815DC1F55E15B00BDB639 /* ko */,
				212815DE1F55E16200BDB639 /* ja */,
				2128160A1F55E71000BDB639 /* en */,
			);
			name = Main.storyboard;
			sourceTree = "<group>";
		};
		212815CF1F55DFD000BDB639 /* LaunchScreen.storyboard */ = {
			isa = PBXVariantGroup;
			children = (
				212815D01F55DFD000BDB639 /* Base */,
				212815D91F55E15100BDB639 /* zh-Hans */,
				212815DB1F55E15600BDB639 /* zh-Hant */,
				212815DD1F55E15B00BDB639 /* ko */,
				212815DF1F55E16200BDB639 /* ja */,
			);
			name = LaunchScreen.storyboard;
			sourceTree = "<group>";
		};
		212815F81F55E3FC00BDB639 /* InfoPlist.strings */ = {
			isa = PBXVariantGroup;
			children = (
				212815F71F55E3FC00BDB639 /* en */,
				212815F91F55E41500BDB639 /* zh-Hans */,
				212815FA1F55E41600BDB639 /* zh-Hant */,
				212815FB1F55E41700BDB639 /* ko */,
				212815FC1F55E41800BDB639 /* ja */,
			);
			name = InfoPlist.strings;
			path = ..;
			sourceTree = "<group>";
		};
		21BB2BA31F5810D1006ADF84 /* Localizable.strings */ = {
			isa = PBXVariantGroup;
			children = (
				21BB2BA21F5810D1006ADF84 /* en */,
				21BB2BA41F5810D6006ADF84 /* zh-Hant */,
				21BB2BA51F5810D6006ADF84 /* ko */,
				21BB2BA61F5810D7006ADF84 /* ja */,
				21BB2BA71F5810D8006ADF84 /* zh-Hans */,
			);
			name = Localizable.strings;
			sourceTree = "<group>";
		};
/* End PBXVariantGroup section */

/* Begin XCBuildConfiguration section */
		212815D31F55DFD000BDB639 /* Debug */ = {
			isa = XCBuildConfiguration;
			buildSettings = {
				ALWAYS_SEARCH_USER_PATHS = NO;
				CLANG_ANALYZER_LOCALIZABILITY_NONLOCALIZED = YES;
				CLANG_ANALYZER_NONNULL = YES;
				CLANG_ANALYZER_NUMBER_OBJECT_CONVERSION = YES_AGGRESSIVE;
				CLANG_CXX_LANGUAGE_STANDARD = "gnu++0x";
				CLANG_CXX_LIBRARY = "libc++";
				CLANG_ENABLE_MODULES = YES;
				CLANG_ENABLE_OBJC_ARC = YES;
				CLANG_WARN_BLOCK_CAPTURE_AUTORELEASING = YES;
				CLANG_WARN_BOOL_CONVERSION = YES;
				CLANG_WARN_COMMA = YES;
				CLANG_WARN_CONSTANT_CONVERSION = YES;
				CLANG_WARN_DIRECT_OBJC_ISA_USAGE = YES_ERROR;
				CLANG_WARN_DOCUMENTATION_COMMENTS = YES;
				CLANG_WARN_EMPTY_BODY = YES;
				CLANG_WARN_ENUM_CONVERSION = YES;
				CLANG_WARN_INFINITE_RECURSION = YES;
				CLANG_WARN_INT_CONVERSION = YES;
				CLANG_WARN_NON_LITERAL_NULL_CONVERSION = YES;
				CLANG_WARN_OBJC_LITERAL_CONVERSION = YES;
				CLANG_WARN_OBJC_ROOT_CLASS = YES_ERROR;
				CLANG_WARN_RANGE_LOOP_ANALYSIS = YES;
				CLANG_WARN_STRICT_PROTOTYPES = YES;
				CLANG_WARN_SUSPICIOUS_MOVE = YES;
				CLANG_WARN_UNREACHABLE_CODE = YES;
				CLANG_WARN__DUPLICATE_METHOD_MATCH = YES;
				"CODE_SIGN_IDENTITY[sdk=iphoneos*]" = "iPhone Developer";
				COPY_PHASE_STRIP = NO;
				DEBUG_INFORMATION_FORMAT = dwarf;
				ENABLE_STRICT_OBJC_MSGSEND = YES;
				ENABLE_TESTABILITY = YES;
				GCC_C_LANGUAGE_STANDARD = gnu99;
				GCC_DYNAMIC_NO_PIC = NO;
				GCC_NO_COMMON_BLOCKS = YES;
				GCC_OPTIMIZATION_LEVEL = 0;
				GCC_PREPROCESSOR_DEFINITIONS = (
					"DEBUG=1",
					"$(inherited)",
				);
				GCC_WARN_64_TO_32_BIT_CONVERSION = YES;
				GCC_WARN_ABOUT_RETURN_TYPE = YES_ERROR;
				GCC_WARN_UNDECLARED_SELECTOR = YES;
				GCC_WARN_UNINITIALIZED_AUTOS = YES_AGGRESSIVE;
				GCC_WARN_UNUSED_FUNCTION = YES;
				GCC_WARN_UNUSED_VARIABLE = YES;
				IPHONEOS_DEPLOYMENT_TARGET = 10.3;
				MTL_ENABLE_DEBUG_INFO = YES;
				ONLY_ACTIVE_ARCH = YES;
				SDKROOT = iphoneos;
			};
			name = Debug;
		};
		212815D41F55DFD000BDB639 /* Release */ = {
			isa = XCBuildConfiguration;
			buildSettings = {
				ALWAYS_SEARCH_USER_PATHS = NO;
				CLANG_ANALYZER_LOCALIZABILITY_NONLOCALIZED = YES;
				CLANG_ANALYZER_NONNULL = YES;
				CLANG_ANALYZER_NUMBER_OBJECT_CONVERSION = YES_AGGRESSIVE;
				CLANG_CXX_LANGUAGE_STANDARD = "gnu++0x";
				CLANG_CXX_LIBRARY = "libc++";
				CLANG_ENABLE_MODULES = YES;
				CLANG_ENABLE_OBJC_ARC = YES;
				CLANG_WARN_BLOCK_CAPTURE_AUTORELEASING = YES;
				CLANG_WARN_BOOL_CONVERSION = YES;
				CLANG_WARN_COMMA = YES;
				CLANG_WARN_CONSTANT_CONVERSION = YES;
				CLANG_WARN_DIRECT_OBJC_ISA_USAGE = YES_ERROR;
				CLANG_WARN_DOCUMENTATION_COMMENTS = YES;
				CLANG_WARN_EMPTY_BODY = YES;
				CLANG_WARN_ENUM_CONVERSION = YES;
				CLANG_WARN_INFINITE_RECURSION = YES;
				CLANG_WARN_INT_CONVERSION = YES;
				CLANG_WARN_NON_LITERAL_NULL_CONVERSION = YES;
				CLANG_WARN_OBJC_LITERAL_CONVERSION = YES;
				CLANG_WARN_OBJC_ROOT_CLASS = YES_ERROR;
				CLANG_WARN_RANGE_LOOP_ANALYSIS = YES;
				CLANG_WARN_STRICT_PROTOTYPES = YES;
				CLANG_WARN_SUSPICIOUS_MOVE = YES;
				CLANG_WARN_UNREACHABLE_CODE = YES;
				CLANG_WARN__DUPLICATE_METHOD_MATCH = YES;
				"CODE_SIGN_IDENTITY[sdk=iphoneos*]" = "iPhone Developer";
				COPY_PHASE_STRIP = NO;
				DEBUG_INFORMATION_FORMAT = "dwarf-with-dsym";
				ENABLE_NS_ASSERTIONS = NO;
				ENABLE_STRICT_OBJC_MSGSEND = YES;
				GCC_C_LANGUAGE_STANDARD = gnu99;
				GCC_NO_COMMON_BLOCKS = YES;
				GCC_WARN_64_TO_32_BIT_CONVERSION = YES;
				GCC_WARN_ABOUT_RETURN_TYPE = YES_ERROR;
				GCC_WARN_UNDECLARED_SELECTOR = YES;
				GCC_WARN_UNINITIALIZED_AUTOS = YES_AGGRESSIVE;
				GCC_WARN_UNUSED_FUNCTION = YES;
				GCC_WARN_UNUSED_VARIABLE = YES;
				IPHONEOS_DEPLOYMENT_TARGET = 10.3;
				MTL_ENABLE_DEBUG_INFO = NO;
				SDKROOT = iphoneos;
				VALIDATE_PRODUCT = YES;
			};
			name = Release;
		};
		212815D61F55DFD000BDB639 /* Debug */ = {
			isa = XCBuildConfiguration;
			baseConfigurationReference = B8D01BDE9DE1006827752348 /* Pods-mcpdict.debug.xcconfig */;
			buildSettings = {
				ALWAYS_EMBED_SWIFT_STANDARD_LIBRARIES = YES;
				ASSETCATALOG_COMPILER_APPICON_NAME = AppIcon;
				DEVELOPMENT_TEAM = NPQ6SQE7Y9;
				INFOPLIST_FILE = mcpdict/Info.plist;
				IPHONEOS_DEPLOYMENT_TARGET = 9.0;
				LD_RUNPATH_SEARCH_PATHS = "$(inherited) @executable_path/Frameworks";
				PRODUCT_BUNDLE_IDENTIFIER = umi.mcpdict;
				PRODUCT_NAME = "$(TARGET_NAME)";
			};
			name = Debug;
		};
		212815D71F55DFD000BDB639 /* Release */ = {
			isa = XCBuildConfiguration;
			baseConfigurationReference = 93B67FAB4F55E4247959444F /* Pods-mcpdict.release.xcconfig */;
			buildSettings = {
				ALWAYS_EMBED_SWIFT_STANDARD_LIBRARIES = YES;
				ASSETCATALOG_COMPILER_APPICON_NAME = AppIcon;
				DEVELOPMENT_TEAM = NPQ6SQE7Y9;
				INFOPLIST_FILE = mcpdict/Info.plist;
				IPHONEOS_DEPLOYMENT_TARGET = 9.0;
				LD_RUNPATH_SEARCH_PATHS = "$(inherited) @executable_path/Frameworks";
				PRODUCT_BUNDLE_IDENTIFIER = umi.mcpdict;
				PRODUCT_NAME = "$(TARGET_NAME)";
			};
			name = Release;
		};
/* End XCBuildConfiguration section */

/* Begin XCConfigurationList section */
		212815B61F55DFD000BDB639 /* Build configuration list for PBXProject "mcpdict" */ = {
			isa = XCConfigurationList;
			buildConfigurations = (
				212815D31F55DFD000BDB639 /* Debug */,
				212815D41F55DFD000BDB639 /* Release */,
			);
			defaultConfigurationIsVisible = 0;
			defaultConfigurationName = Release;
		};
		212815D51F55DFD000BDB639 /* Build configuration list for PBXNativeTarget "mcpdict" */ = {
			isa = XCConfigurationList;
			buildConfigurations = (
				212815D61F55DFD000BDB639 /* Debug */,
				212815D71F55DFD000BDB639 /* Release */,
			);
			defaultConfigurationIsVisible = 0;
			defaultConfigurationName = Release;
		};
/* End XCConfigurationList section */
	};
	rootObject = 212815B31F55DFD000BDB639 /* Project object */;
}
